
Microsoft Visual Studio Solution File, Format Version 12.00
# Visual Studio 15
VisualStudioVersion = 15.0.27703.2042
MinimumVisualStudioVersion = 10.0.40219.1
Project("{FAE04EC0-301F-11D3-BF4B-00C04F79EFBC}") = "WarehouseManagement", "WarehouseManagement\WarehouseManagement.csproj", "{378B2730-709C-4705-977B-549703522D90}"
EndProject
Global
	GlobalSection(SolutionConfigurationPlatforms) = preSolution
		Debug|Any CPU = Debug|Any CPU
		Release|Any CPU = Release|Any CPU
	EndGlobalSection
	GlobalSection(ProjectConfigurationPlatforms) = postSolution
		{378B2730-709C-4705-977B-549703522D90}.Debug|Any CPU.ActiveCfg = Debug|Any CPU
		{378B2730-709C-4705-977B-549703522D90}.Debug|Any CPU.Build.0 = Debug|Any CPU
		{378B2730-709C-4705-977B-549703522D90}.Release|Any CPU.ActiveCfg = Release|Any CPU
		{378B2730-709C-4705-977B-549703522D90}.Release|Any CPU.Build.0 = Release|Any CPU
	EndGlobalSection
	GlobalSection(SolutionProperties) = preSolution
		HideSolutionNode = FALSE
	EndGlobalSection
	GlobalSection(ExtensibilityGlobals) = postSolution
		SolutionGuid = {4D2F17C5-CDEB-495B-B87C-8E177B3B64DF}
	EndGlobalSection
EndGlobal
